// !$*UTF8*$!
{
	archiveVersion = 1;
	classes = {
	};
	objectVersion = 56;
	objects = {

/* Begin PBXBuildFile section */
		8446733429546E8500C1D5BC /* Data.swift in Sources */ = {isa = PBXBuildFile; fileRef = 8446733329546E8500C1D5BC /* Data.swift */; };
		84C1F6E42951D04700A6AE35 /* CategoryViewController.swift in Sources */ = {isa = PBXBuildFile; fileRef = 84C1F6E32951D04700A6AE35 /* CategoryViewController.swift */; };
		84D6014E2950763800FB7E0F /* DataModel.xcdatamodeld in Sources */ = {isa = PBXBuildFile; fileRef = 84D6014C2950763800FB7E0F /* DataModel.xcdatamodeld */; };
		84DADFE22946E5BE000BEC5C /* AppDelegate.swift in Sources */ = {isa = PBXBuildFile; fileRef = 84DADFE12946E5BE000BEC5C /* AppDelegate.swift */; };
		84DADFE42946E5BE000BEC5C /* SceneDelegate.swift in Sources */ = {isa = PBXBuildFile; fileRef = 84DADFE32946E5BE000BEC5C /* SceneDelegate.swift */; };
		84DADFE62946E5BE000BEC5C /* ToDoListViewController.swift in Sources */ = {isa = PBXBuildFile; fileRef = 84DADFE52946E5BE000BEC5C /* ToDoListViewController.swift */; };
		84DADFE92946E5BE000BEC5C /* Main.storyboard in Resources */ = {isa = PBXBuildFile; fileRef = 84DADFE72946E5BE000BEC5C /* Main.storyboard */; };
		84DADFEB2946E5C0000BEC5C /* Assets.xcassets in Resources */ = {isa = PBXBuildFile; fileRef = 84DADFEA2946E5C0000BEC5C /* Assets.xcassets */; };
		84DADFEE2946E5C0000BEC5C /* LaunchScreen.storyboard in Resources */ = {isa = PBXBuildFile; fileRef = 84DADFEC2946E5C0000BEC5C /* LaunchScreen.storyboard */; };
		A1851A2CAA8F0D1B13746352 /* Pods_TodoListDemo.framework in Frameworks */ = {isa = PBXBuildFile; fileRef = 33A2DB76E74251734582EEBD /* Pods_TodoListDemo.framework */; };
/* End PBXBuildFile section */

/* Begin PBXFileReference section */
		33A2DB76E74251734582EEBD /* Pods_TodoListDemo.framework */ = {isa = PBXFileReference; explicitFileType = wrapper.framework; includeInIndex = 0; path = Pods_TodoListDemo.framework; sourceTree = BUILT_PRODUCTS_DIR; };
		555775CC58A31BB47EF8F425 /* Pods-TodoListDemo.release.xcconfig */ = {isa = PBXFileReference; includeInIndex = 1; lastKnownFileType = text.xcconfig; name = "Pods-TodoListDemo.release.xcconfig"; path = "Target Support Files/Pods-TodoListDemo/Pods-TodoListDemo.release.xcconfig"; sourceTree = "<group>"; };
		8446733329546E8500C1D5BC /* Data.swift */ = {isa = PBXFileReference; lastKnownFileType = sourcecode.swift; path = Data.swift; sourceTree = "<group>"; };
		84C1F6E32951D04700A6AE35 /* CategoryViewController.swift */ = {isa = PBXFileReference; lastKnownFileType = sourcecode.swift; path = CategoryViewController.swift; sourceTree = "<group>"; };
		84D6014D2950763800FB7E0F /* DataModel.xcdatamodel */ = {isa = PBXFileReference; lastKnownFileType = wrapper.xcdatamodel; path = DataModel.xcdatamodel; sourceTree = "<group>"; };
		84DADFDE2946E5BE000BEC5C /* TodoListDemo.app */ = {isa = PBXFileReference; explicitFileType = wrapper.application; includeInIndex = 0; path = TodoListDemo.app; sourceTree = BUILT_PRODUCTS_DIR; };
		84DADFE12946E5BE000BEC5C /* AppDelegate.swift */ = {isa = PBXFileReference; lastKnownFileType = sourcecode.swift; path = AppDelegate.swift; sourceTree = "<group>"; };
		84DADFE32946E5BE000BEC5C /* SceneDelegate.swift */ = {isa = PBXFileReference; lastKnownFileType = sourcecode.swift; path = SceneDelegate.swift; sourceTree = "<group>"; };
		84DADFE52946E5BE000BEC5C /* ToDoListViewController.swift */ = {isa = PBXFileReference; lastKnownFileType = sourcecode.swift; path = ToDoListViewController.swift; sourceTree = "<group>"; };
		84DADFE82946E5BE000BEC5C /* Base */ = {isa = PBXFileReference; lastKnownFileType = file.storyboard; name = Base; path = Base.lproj/Main.storyboard; sourceTree = "<group>"; };
		84DADFEA2946E5C0000BEC5C /* Assets.xcassets */ = {isa = PBXFileReference; lastKnownFileType = folder.assetcatalog; path = Assets.xcassets; sourceTree = "<group>"; };
		84DADFED2946E5C0000BEC5C /* Base */ = {isa = PBXFileReference; lastKnownFileType = file.storyboard; name = Base; path = Base.lproj/LaunchScreen.storyboard; sourceTree = "<group>"; };
		84DADFEF2946E5C0000BEC5C /* Info.plist */ = {isa = PBXFileReference; lastKnownFileType = text.plist.xml; path = Info.plist; sourceTree = "<group>"; };
		870F7AAAFF6FCB2C507E0D3A /* Pods-TodoListDemo.debug.xcconfig */ = {isa = PBXFileReference; includeInIndex = 1; lastKnownFileType = text.xcconfig; name = "Pods-TodoListDemo.debug.xcconfig"; path = "Target Support Files/Pods-TodoListDemo/Pods-TodoListDemo.debug.xcconfig"; sourceTree = "<group>"; };
/* End PBXFileReference section */

/* Begin PBXFrameworksBuildPhase section */
		84DADFDB2946E5BE000BEC5C /* Frameworks */ = {
			isa = PBXFrameworksBuildPhase;
			buildActionMask = 2147483647;
			files = (
				A1851A2CAA8F0D1B13746352 /* Pods_TodoListDemo.framework in Frameworks */,
			);
			runOnlyForDeploymentPostprocessing = 0;
		};
/* End PBXFrameworksBuildPhase section */

/* Begin PBXGroup section */
		5CC3FD586298BAB1A2355877 /* Frameworks */ = {
			isa = PBXGroup;
			children = (
				33A2DB76E74251734582EEBD /* Pods_TodoListDemo.framework */,
			);
			name = Frameworks;
			sourceTree = "<group>";
		};
		84A9F6EA294C26DA00E95CD9 /* Data Model */ = {
			isa = PBXGroup;
			children = (
				84D6014C2950763800FB7E0F /* DataModel.xcdatamodeld */,
				8446733329546E8500C1D5BC /* Data.swift */,
			);
			path = "Data Model";
			sourceTree = "<group>";
		};
		84A9F6EB294C273F00E95CD9 /* Controllers */ = {
			isa = PBXGroup;
			children = (
				84C1F6E32951D04700A6AE35 /* CategoryViewController.swift */,
				84DADFE52946E5BE000BEC5C /* ToDoListViewController.swift */,
			);
			path = Controllers;
			sourceTree = "<group>";
		};
		84A9F6EC294C275E00E95CD9 /* Views */ = {
			isa = PBXGroup;
			children = (
				84DADFE72946E5BE000BEC5C /* Main.storyboard */,
			);
			path = Views;
			sourceTree = "<group>";
		};
		84A9F6ED294C283F00E95CD9 /* Supporting files */ = {
			isa = PBXGroup;
			children = (
				84DADFEA2946E5C0000BEC5C /* Assets.xcassets */,
				84DADFEC2946E5C0000BEC5C /* LaunchScreen.storyboard */,
			);
			path = "Supporting files";
			sourceTree = "<group>";
		};
		84DADFD52946E5BE000BEC5C = {
			isa = PBXGroup;
			children = (
				84DADFE02946E5BE000BEC5C /* TodoListDemo */,
				84DADFDF2946E5BE000BEC5C /* Products */,
				99294E6C5B3CA3673B1BF132 /* Pods */,
				5CC3FD586298BAB1A2355877 /* Frameworks */,
			);
			sourceTree = "<group>";
		};
		84DADFDF2946E5BE000BEC5C /* Products */ = {
			isa = PBXGroup;
			children = (
				84DADFDE2946E5BE000BEC5C /* TodoListDemo.app */,
			);
			name = Products;
			sourceTree = "<group>";
		};
		84DADFE02946E5BE000BEC5C /* TodoListDemo */ = {
			isa = PBXGroup;
			children = (
				84DADFE12946E5BE000BEC5C /* AppDelegate.swift */,
				84DADFE32946E5BE000BEC5C /* SceneDelegate.swift */,
				84A9F6EB294C273F00E95CD9 /* Controllers */,
				84A9F6EC294C275E00E95CD9 /* Views */,
				84A9F6EA294C26DA00E95CD9 /* Data Model */,
				84A9F6ED294C283F00E95CD9 /* Supporting files */,
				84DADFEF2946E5C0000BEC5C /* Info.plist */,
			);
			path = TodoListDemo;
			sourceTree = "<group>";
		};
		99294E6C5B3CA3673B1BF132 /* Pods */ = {
			isa = PBXGroup;
			children = (
				870F7AAAFF6FCB2C507E0D3A /* Pods-TodoListDemo.debug.xcconfig */,
				555775CC58A31BB47EF8F425 /* Pods-TodoListDemo.release.xcconfig */,
			);
			path = Pods;
			sourceTree = "<group>";
		};
/* End PBXGroup section */

/* Begin PBXNativeTarget section */
		84DADFDD2946E5BE000BEC5C /* TodoListDemo */ = {
			isa = PBXNativeTarget;
			buildConfigurationList = 84DADFF22946E5C0000BEC5C /* Build configuration list for PBXNativeTarget "TodoListDemo" */;
			buildPhases = (
				2390C5009E521148CE3624A7 /* [CP] Check Pods Manifest.lock */,
				84DADFDA2946E5BE000BEC5C /* Sources */,
				84DADFDB2946E5BE000BEC5C /* Frameworks */,
				84DADFDC2946E5BE000BEC5C /* Resources */,
				1DBDDCC3BE002D2E3F6B4A93 /* [CP] Embed Pods Frameworks */,
			);
			buildRules = (
			);
			dependencies = (
			);
			name = TodoListDemo;
			productName = TodoListDemo;
			productReference = 84DADFDE2946E5BE000BEC5C /* TodoListDemo.app */;
			productType = "com.apple.product-type.application";
		};
/* End PBXNativeTarget section */

/* Begin PBXProject section */
		84DADFD62946E5BE000BEC5C /* Project object */ = {
			isa = PBXProject;
			attributes = {
				BuildIndependentTargetsInParallel = 1;
				LastSwiftUpdateCheck = 1410;
				LastUpgradeCheck = 1410;
				TargetAttributes = {
					84DADFDD2946E5BE000BEC5C = {
						CreatedOnToolsVersion = 14.1;
					};
				};
			};
			buildConfigurationList = 84DADFD92946E5BE000BEC5C /* Build configuration list for PBXProject "TodoListDemo" */;
			compatibilityVersion = "Xcode 14.0";
			developmentRegion = en;
			hasScannedForEncodings = 0;
			knownRegions = (
				en,
				Base,
			);
			mainGroup = 84DADFD52946E5BE000BEC5C;
			productRefGroup = 84DADFDF2946E5BE000BEC5C /* Products */;
			projectDirPath = "";
			projectRoot = "";
			targets = (
				84DADFDD2946E5BE000BEC5C /* TodoListDemo */,
			);
		};
/* End PBXProject section */

/* Begin PBXResourcesBuildPhase section */
		84DADFDC2946E5BE000BEC5C /* Resources */ = {
			isa = PBXResourcesBuildPhase;
			buildActionMask = 2147483647;
			files = (
				84DADFEE2946E5C0000BEC5C /* LaunchScreen.storyboard in Resources */,
				84DADFEB2946E5C0000BEC5C /* Assets.xcassets in Resources */,
				84DADFE92946E5BE000BEC5C /* Main.storyboard in Resources */,
			);
			runOnlyForDeploymentPostprocessing = 0;
		};
/* End PBXResourcesBuildPhase section */

/* Begin PBXShellScriptBuildPhase section */
		1DBDDCC3BE002D2E3F6B4A93 /* [CP] Embed Pods Frameworks */ = {
			isa = PBXShellScriptBuildPhase;
			buildActionMask = 2147483647;
			files = (
			);
			inputFileListPaths = (
				"${PODS_ROOT}/Target Support Files/Pods-TodoListDemo/Pods-TodoListDemo-frameworks-${CONFIGURATION}-input-files.xcfilelist",
			);
			name = "[CP] Embed Pods Frameworks";
			outputFileListPaths = (
				"${PODS_ROOT}/Target Support Files/Pods-TodoListDemo/Pods-TodoListDemo-frameworks-${CONFIGURATION}-output-files.xcfilelist",
			);
			runOnlyForDeploymentPostprocessing = 0;
			shellPath = /bin/sh;
			shellScript = "\"${PODS_ROOT}/Target Support Files/Pods-TodoListDemo/Pods-TodoListDemo-frameworks.sh\"\n";
			showEnvVarsInLog = 0;
		};
		2390C5009E521148CE3624A7 /* [CP] Check Pods Manifest.lock */ = {
			isa = PBXShellScriptBuildPhase;
			buildActionMask = 2147483647;
			files = (
			);
			inputFileListPaths = (
			);
			inputPaths = (
				"${PODS_PODFILE_DIR_PATH}/Podfile.lock",
				"${PODS_ROOT}/Manifest.lock",
			);
			name = "[CP] Check Pods Manifest.lock";
			outputFileListPaths = (
			);
			outputPaths = (
				"$(DERIVED_FILE_DIR)/Pods-TodoListDemo-checkManifestLockResult.txt",
			);
			runOnlyForDeploymentPostprocessing = 0;
			shellPath = /bin/sh;
			shellScript = "diff \"${PODS_PODFILE_DIR_PATH}/Podfile.lock\" \"${PODS_ROOT}/Manifest.lock\" > /dev/null\nif [ $? != 0 ] ; then\n    # print error to STDERR\n    echo \"error: The sandbox is not in sync with the Podfile.lock. Run 'pod install' or update your CocoaPods installation.\" >&2\n    exit 1\nfi\n# This output is used by Xcode 'outputs' to avoid re-running this script phase.\necho \"SUCCESS\" > \"${SCRIPT_OUTPUT_FILE_0}\"\n";
			showEnvVarsInLog = 0;
		};
/* End PBXShellScriptBuildPhase section */

/* Begin PBXSourcesBuildPhase section */
		84DADFDA2946E5BE000BEC5C /* Sources */ = {
			isa = PBXSourcesBuildPhase;
			buildActionMask = 2147483647;
			files = (
				84C1F6E42951D04700A6AE35 /* CategoryViewController.swift in Sources */,
				8446733429546E8500C1D5BC /* Data.swift in Sources */,
				84D6014E2950763800FB7E0F /* DataModel.xcdatamodeld in Sources */,
				84DADFE62946E5BE000BEC5C /* ToDoListViewController.swift in Sources */,
				84DADFE22946E5BE000BEC5C /* AppDelegate.swift in Sources */,
				84DADFE42946E5BE000BEC5C /* SceneDelegate.swift in Sources */,
			);
			runOnlyForDeploymentPostprocessing = 0;
		};
/* End PBXSourcesBuildPhase section */

/* Begin PBXVariantGroup section */
		84DADFE72946E5BE000BEC5C /* Main.storyboard */ = {
			isa = PBXVariantGroup;
			children = (
				84DADFE82946E5BE000BEC5C /* Base */,
			);
			name = Main.storyboard;
			sourceTree = "<group>";
		};
		84DADFEC2946E5C0000BEC5C /* LaunchScreen.storyboard */ = {
			isa = PBXVariantGroup;
			children = (
				84DADFED2946E5C0000BEC5C /* Base */,
			);
			name = LaunchScreen.storyboard;
			sourceTree = "<group>";
		};
/* End PBXVariantGroup section */

/* Begin XCBuildConfiguration section */
		84DADFF02946E5C0000BEC5C /* Debug */ = {
			isa = XCBuildConfiguration;
			buildSettings = {
				ALWAYS_SEARCH_USER_PATHS = NO;
				CLANG_ANALYZER_NONNULL = YES;
				CLANG_ANALYZER_NUMBER_OBJECT_CONVERSION = YES_AGGRESSIVE;
				CLANG_CXX_LANGUAGE_STANDARD = "gnu++20";
				CLANG_ENABLE_MODULES = YES;
				CLANG_ENABLE_OBJC_ARC = YES;
				CLANG_ENABLE_OBJC_WEAK = YES;
				CLANG_WARN_BLOCK_CAPTURE_AUTORELEASING = YES;
				CLANG_WARN_BOOL_CONVERSION = YES;
				CLANG_WARN_COMMA = YES;
				CLANG_WARN_CONSTANT_CONVERSION = YES;
				CLANG_WARN_DEPRECATED_OBJC_IMPLEMENTATIONS = YES;
				CLANG_WARN_DIRECT_OBJC_ISA_USAGE = YES_ERROR;
				CLANG_WARN_DOCUMENTATION_COMMENTS = YES;
				CLANG_WARN_EMPTY_BODY = YES;
				CLANG_WARN_ENUM_CONVERSION = YES;
				CLANG_WARN_INFINITE_RECURSION = YES;
				CLANG_WARN_INT_CONVERSION = YES;
				CLANG_WARN_NON_LITERAL_NULL_CONVERSION = YES;
				CLANG_WARN_OBJC_IMPLICIT_RETAIN_SELF = YES;
				CLANG_WARN_OBJC_LITERAL_CONVERSION = YES;
				CLANG_WARN_OBJC_ROOT_CLASS = YES_ERROR;
				CLANG_WARN_QUOTED_INCLUDE_IN_FRAMEWORK_HEADER = YES;
				CLANG_WARN_RANGE_LOOP_ANALYSIS = YES;
				CLANG_WARN_STRICT_PROTOTYPES = YES;
				CLANG_WARN_SUSPICIOUS_MOVE = YES;
				CLANG_WARN_UNGUARDED_AVAILABILITY = YES_AGGRESSIVE;
				CLANG_WARN_UNREACHABLE_CODE = YES;
				CLANG_WARN__DUPLICATE_METHOD_MATCH = YES;
				COPY_PHASE_STRIP = NO;
				DEBUG_INFORMATION_FORMAT = dwarf;
				ENABLE_STRICT_OBJC_MSGSEND = YES;
				ENABLE_TESTABILITY = YES;
				GCC_C_LANGUAGE_STANDARD = gnu11;
				GCC_DYNAMIC_NO_PIC = NO;
				GCC_NO_COMMON_BLOCKS = YES;
				GCC_OPTIMIZATION_LEVEL = 0;
				GCC_PREPROCESSOR_DEFINITIONS = (
					"DEBUG=1",
					"$(inherited)",
				);
				GCC_WARN_64_TO_32_BIT_CONVERSION = YES;
				GCC_WARN_ABOUT_RETURN_TYPE = YES_ERROR;
				GCC_WARN_UNDECLARED_SELECTOR = YES;
				GCC_WARN_UNINITIALIZED_AUTOS = YES_AGGRESSIVE;
				GCC_WARN_UNUSED_FUNCTION = YES;
				GCC_WARN_UNUSED_VARIABLE = YES;
				IPHONEOS_DEPLOYMENT_TARGET = 16.1;
				MTL_ENABLE_DEBUG_INFO = INCLUDE_SOURCE;
				MTL_FAST_MATH = YES;
				ONLY_ACTIVE_ARCH = YES;
				SDKROOT = iphoneos;
				SWIFT_ACTIVE_COMPILATION_CONDITIONS = DEBUG;
				SWIFT_OPTIMIZATION_LEVEL = "-Onone";
			};
			name = Debug;
		};
		84DADFF12946E5C0000BEC5C /* Release */ = {
			isa = XCBuildConfiguration;
			buildSettings = {
				ALWAYS_SEARCH_USER_PATHS = NO;
				CLANG_ANALYZER_NONNULL = YES;
				CLANG_ANALYZER_NUMBER_OBJECT_CONVERSION = YES_AGGRESSIVE;
				CLANG_CXX_LANGUAGE_STANDARD = "gnu++20";
				CLANG_ENABLE_MODULES = YES;
				CLANG_ENABLE_OBJC_ARC = YES;
				CLANG_ENABLE_OBJC_WEAK = YES;
				CLANG_WARN_BLOCK_CAPTURE_AUTORELEASING = YES;
				CLANG_WARN_BOOL_CONVERSION = YES;
				CLANG_WARN_COMMA = YES;
				CLANG_WARN_CONSTANT_CONVERSION = YES;
				CLANG_WARN_DEPRECATED_OBJC_IMPLEMENTATIONS = YES;
				CLANG_WARN_DIRECT_OBJC_ISA_USAGE = YES_ERROR;
				CLANG_WARN_DOCUMENTATION_COMMENTS = YES;
				CLANG_WARN_EMPTY_BODY = YES;
				CLANG_WARN_ENUM_CONVERSION = YES;
				CLANG_WARN_INFINITE_RECURSION = YES;
				CLANG_WARN_INT_CONVERSION = YES;
				CLANG_WARN_NON_LITERAL_NULL_CONVERSION = YES;
				CLANG_WARN_OBJC_IMPLICIT_RETAIN_SELF = YES;
				CLANG_WARN_OBJC_LITERAL_CONVERSION = YES;
				CLANG_WARN_OBJC_ROOT_CLASS = YES_ERROR;
				CLANG_WARN_QUOTED_INCLUDE_IN_FRAMEWORK_HEADER = YES;
				CLANG_WARN_RANGE_LOOP_ANALYSIS = YES;
				CLANG_WARN_STRICT_PROTOTYPES = YES;
				CLANG_WARN_SUSPICIOUS_MOVE = YES;
				CLANG_WARN_UNGUARDED_AVAILABILITY = YES_AGGRESSIVE;
				CLANG_WARN_UNREACHABLE_CODE = YES;
				CLANG_WARN__DUPLICATE_METHOD_MATCH = YES;
				COPY_PHASE_STRIP = NO;
				DEBUG_INFORMATION_FORMAT = "dwarf-with-dsym";
				ENABLE_NS_ASSERTIONS = NO;
				ENABLE_STRICT_OBJC_MSGSEND = YES;
				GCC_C_LANGUAGE_STANDARD = gnu11;
				GCC_NO_COMMON_BLOCKS = YES;
				GCC_WARN_64_TO_32_BIT_CONVERSION = YES;
				GCC_WARN_ABOUT_RETURN_TYPE = YES_ERROR;
				GCC_WARN_UNDECLARED_SELECTOR = YES;
				GCC_WARN_UNINITIALIZED_AUTOS = YES_AGGRESSIVE;
				GCC_WARN_UNUSED_FUNCTION = YES;
				GCC_WARN_UNUSED_VARIABLE = YES;
				IPHONEOS_DEPLOYMENT_TARGET = 16.1;
				MTL_ENABLE_DEBUG_INFO = NO;
				MTL_FAST_MATH = YES;
				SDKROOT = iphoneos;
				SWIFT_COMPILATION_MODE = wholemodule;
				SWIFT_OPTIMIZATION_LEVEL = "-O";
				VALIDATE_PRODUCT = YES;
			};
			name = Release;
		};
		84DADFF32946E5C0000BEC5C /* Debug */ = {
			isa = XCBuildConfiguration;
			baseConfigurationReference = 870F7AAAFF6FCB2C507E0D3A /* Pods-TodoListDemo.debug.xcconfig */;
			buildSettings = {
				ASSETCATALOG_COMPILER_APPICON_NAME = AppIcon;
				ASSETCATALOG_COMPILER_GLOBAL_ACCENT_COLOR_NAME = AccentColor;
				CODE_SIGN_STYLE = Automatic;
				CURRENT_PROJECT_VERSION = 1;
				GENERATE_INFOPLIST_FILE = YES;
				INFOPLIST_FILE = TodoListDemo/Info.plist;
				INFOPLIST_KEY_UIApplicationSupportsIndirectInputEvents = YES;
				INFOPLIST_KEY_UILaunchStoryboardName = LaunchScreen;
				INFOPLIST_KEY_UIMainStoryboardFile = Main;
				INFOPLIST_KEY_UISupportedInterfaceOrientations_iPad = "UIInterfaceOrientationPortrait UIInterfaceOrientationPortraitUpsideDown UIInterfaceOrientationLandscapeLeft UIInterfaceOrientationLandscapeRight";
				INFOPLIST_KEY_UISupportedInterfaceOrientations_iPhone = "UIInterfaceOrientationPortrait UIInterfaceOrientationLandscapeLeft UIInterfaceOrientationLandscapeRight";
				LD_RUNPATH_SEARCH_PATHS = (
					"$(inherited)",
					"@executable_path/Frameworks",
				);
				MARKETING_VERSION = 1.0;
				PRODUCT_BUNDLE_IDENTIFIER = com.demo.TodoListDemo;
				PRODUCT_NAME = "$(TARGET_NAME)";
				SWIFT_EMIT_LOC_STRINGS = YES;
				SWIFT_VERSION = 5.0;
				TARGETED_DEVICE_FAMILY = "1,2";
			};
			name = Debug;
		};
		84DADFF42946E5C0000BEC5C /* Release */ = {
			isa = XCBuildConfiguration;
			baseConfigurationReference = 555775CC58A31BB47EF8F425 /* Pods-TodoListDemo.release.xcconfig */;
			buildSettings = {
				ASSETCATALOG_COMPILER_APPICON_NAME = AppIcon;
				ASSETCATALOG_COMPILER_GLOBAL_ACCENT_COLOR_NAME = AccentColor;
				CODE_SIGN_STYLE = Automatic;
				CURRENT_PROJECT_VERSION = 1;
				GENERATE_INFOPLIST_FILE = YES;
				INFOPLIST_FILE = TodoListDemo/Info.plist;
				INFOPLIST_KEY_UIApplicationSupportsIndirectInputEvents = YES;
				INFOPLIST_KEY_UILaunchStoryboardName = LaunchScreen;
				INFOPLIST_KEY_UIMainStoryboardFile = Main;
				INFOPLIST_KEY_UISupportedInterfaceOrientations_iPad = "UIInterfaceOrientationPortrait UIInterfaceOrientationPortraitUpsideDown UIInterfaceOrientationLandscapeLeft UIInterfaceOrientationLandscapeRight";
				INFOPLIST_KEY_UISupportedInterfaceOrientations_iPhone = "UIInterfaceOrientationPortrait UIInterfaceOrientationLandscapeLeft UIInterfaceOrientationLandscapeRight";
				LD_RUNPATH_SEARCH_PATHS = (
					"$(inherited)",
					"@executable_path/Frameworks",
				);
				MARKETING_VERSION = 1.0;
				PRODUCT_BUNDLE_IDENTIFIER = com.demo.TodoListDemo;
				PRODUCT_NAME = "$(TARGET_NAME)";
				SWIFT_EMIT_LOC_STRINGS = YES;
				SWIFT_VERSION = 5.0;
				TARGETED_DEVICE_FAMILY = "1,2";
			};
			name = Release;
		};
/* End XCBuildConfiguration section */

/* Begin XCConfigurationList section */
		84DADFD92946E5BE000BEC5C /* Build configuration list for PBXProject "TodoListDemo" */ = {
			isa = XCConfigurationList;
			buildConfigurations = (
				84DADFF02946E5C0000BEC5C /* Debug */,
				84DADFF12946E5C0000BEC5C /* Release */,
			);
			defaultConfigurationIsVisible = 0;
			defaultConfigurationName = Release;
		};
		84DADFF22946E5C0000BEC5C /* Build configuration list for PBXNativeTarget "TodoListDemo" */ = {
			isa = XCConfigurationList;
			buildConfigurations = (
				84DADFF32946E5C0000BEC5C /* Debug */,
				84DADFF42946E5C0000BEC5C /* Release */,
			);
			defaultConfigurationIsVisible = 0;
			defaultConfigurationName = Release;
		};
/* End XCConfigurationList section */

/* Begin XCVersionGroup section */
		84D6014C2950763800FB7E0F /* DataModel.xcdatamodeld */ = {
			isa = XCVersionGroup;
			children = (
				84D6014D2950763800FB7E0F /* DataModel.xcdatamodel */,
			);
			currentVersion = 84D6014D2950763800FB7E0F /* DataModel.xcdatamodel */;
			path = DataModel.xcdatamodeld;
			sourceTree = "<group>";
			versionGroupType = wrapper.xcdatamodel;
		};
/* End XCVersionGroup section */
	};
	rootObject = 84DADFD62946E5BE000BEC5C /* Project object */;
}
